
Microsoft Visual Studio Solution File, Format Version 12.00
# Visual Studio Version 16
VisualStudioVersion = 16.0.28803.202
MinimumVisualStudioVersion = 10.0.40219.1
Project("{FAE04EC0-301F-11D3-BF4B-00C04F79EFBC}") = "Management-Tool_SZU.Shared", "Management-Tool_SZU.Shared\Management-Tool_SZU.Shared.csproj", "{0BD752B5-77C2-4997-B336-F7CE91A82462}"
EndProject
Project("{FAE04EC0-301F-11D3-BF4B-00C04F79EFBC}") = "Management-Tool_SZU.Server.GUI", "Management-Tool_SZU.Server.GUI\Management-Tool_SZU.Server.GUI.csproj", "{4C6434E5-D28A-42EC-A6B9-1B6F8E091838}"
EndProject
Global
	GlobalSection(SolutionConfigurationPlatforms) = preSolution
		Debug|Any CPU = Debug|Any CPU
		Release|Any CPU = Release|Any CPU
	EndGlobalSection
	GlobalSection(ProjectConfigurationPlatforms) = postSolution
		{0BD752B5-77C2-4997-B336-F7CE91A82462}.Debug|Any CPU.ActiveCfg = Debug|Any CPU
		{0BD752B5-77C2-4997-B336-F7CE91A82462}.Debug|Any CPU.Build.0 = Debug|Any CPU
		{0BD752B5-77C2-4997-B336-F7CE91A82462}.Release|Any CPU.ActiveCfg = Release|Any CPU
		{0BD752B5-77C2-4997-B336-F7CE91A82462}.Release|Any CPU.Build.0 = Release|Any CPU
		{4C6434E5-D28A-42EC-A6B9-1B6F8E091838}.Debug|Any CPU.ActiveCfg = Debug|Any CPU
		{4C6434E5-D28A-42EC-A6B9-1B6F8E091838}.Debug|Any CPU.Build.0 = Debug|Any CPU
		{4C6434E5-D28A-42EC-A6B9-1B6F8E091838}.Release|Any CPU.ActiveCfg = Release|Any CPU
		{4C6434E5-D28A-42EC-A6B9-1B6F8E091838}.Release|Any CPU.Build.0 = Release|Any CPU
	EndGlobalSection
	GlobalSection(SolutionProperties) = preSolution
		HideSolutionNode = FALSE
	EndGlobalSection
	GlobalSection(ExtensibilityGlobals) = postSolution
		SolutionGuid = {B34DD670-F41A-48B2-8FF4-23DA80462B4D}
	EndGlobalSection
EndGlobal
